
Microsoft Visual Studio Solution File, Format Version 11.00
# Visual Studio 2010
Project("{8BC9CEB8-8B4A-11D0-8D11-00A0C91BC942}") = "GraphFromFasta", "GraphFromFasta.vcxproj", "{C3837F89-F8C9-4FA5-88B7-68569EEF6E9B}"
EndProject
Project("{8BC9CEB8-8B4A-11D0-8D11-00A0C91BC942}") = "GraphFromFastaTests", "Tests\GraphFromFastaTests.vcxproj", "{353C856F-AC6A-46EF-AC6B-D4F219ABAD77}"
EndProject
Global
	GlobalSection(SolutionConfigurationPlatforms) = preSolution
		Debug|Win32 = Debug|Win32
		Release|Win32 = Release|Win32
	EndGlobalSection
	GlobalSection(ProjectConfigurationPlatforms) = postSolution
		{C3837F89-F8C9-4FA5-88B7-68569EEF6E9B}.Debug|Win32.ActiveCfg = Debug|Win32
		{C3837F89-F8C9-4FA5-88B7-68569EEF6E9B}.Debug|Win32.Build.0 = Debug|Win32
		{C3837F89-F8C9-4FA5-88B7-68569EEF6E9B}.Release|Win32.ActiveCfg = Release|Win32
		{C3837F89-F8C9-4FA5-88B7-68569EEF6E9B}.Release|Win32.Build.0 = Release|Win32
		{353C856F-AC6A-46EF-AC6B-D4F219ABAD77}.Debug|Win32.ActiveCfg = Debug|Win32
		{353C856F-AC6A-46EF-AC6B-D4F219ABAD77}.Debug|Win32.Build.0 = Debug|Win32
		{353C856F-AC6A-46EF-AC6B-D4F219ABAD77}.Release|Win32.ActiveCfg = Release|Win32
		{353C856F-AC6A-46EF-AC6B-D4F219ABAD77}.Release|Win32.Build.0 = Release|Win32
	EndGlobalSection
	GlobalSection(SolutionProperties) = preSolution
		HideSolutionNode = FALSE
	EndGlobalSection
EndGlobal
